{
  "name": "video",
  "lockfileVersion": 3,
  "requires": true,
  "packages": {
    "": {
      "name": "video",
      "dependencies": {
        "@fontsource-variable/plus-jakarta-sans": "^5.3.0",
        "@fontsource/instrument-serif": "^5.3.0",
        "gsap": "^3.14.2"
      }
    },
    "node_modules/@fontsource-variable/plus-jakarta-sans": {
      "version": "5.3.0",
      "resolved": "https://registry.npmjs.org/@fontsource-variable/plus-jakarta-sans/-/plus-jakarta-sans-5.3.0.tgz",
      "integrity": "sha512-/l/4r0yyWK9JzAlmA0LiYgGgmJe/Gswt4jTJEzr5QhJfwMbvJZDmYWyW0M4X7yCK69BajMVlV/Lx8g7WDc1+sw==",
      "license": "OFL-1.1",
      "funding": {
        "url": "https://github.com/sponsors/ayuhito"
      }
    },
    "node_modules/@fontsource/instrument-serif": {
      "version": "5.3.0",
      "resolved": "https://registry.npmjs.org/@fontsource/instrument-serif/-/instrument-serif-5.3.0.tgz",
      "integrity": "sha512-mDiaIg0u67sYV59fie92Wz4sM8UiVlbL7fLxnFPCKkX15DMASEnQTREbaP5S5/3DCcsoAOcQ0sV9E4AeY4QqYQ==",
      "license": "OFL-1.1",
      "funding": {
        "url": "https://github.com/sponsors/ayuhito"
      }
    },
    "node_modules/gsap": {
      "version": "3.14.2",
      "resolved": "https://registry.npmjs.org/gsap/-/gsap-3.14.2.tgz",
      "integrity": "sha512-P8/mMxVLU7o4+55+1TCnQrPmgjPKnwkzkXOK1asnR9Jg2lna4tEY5qBJjMmAaOBDDZWtlRjBXjLa0w53G/uBLA==",
      "license": "Standard 'no charge' license: https://gsap.com/standard-license."
    }
  }
}
